// !$*UTF8*$!
{
	archiveVersion = 1;
	classes = {
	};
	objectVersion = 50;
	objects = {

/* Begin PBXBuildFile section */
		3AE4EB16CB22E854C9250979 /* Pods_DemoTest.framework in Frameworks */ = {isa = PBXBuildFile; fileRef = AD864013A4943D32180E14E5 /* Pods_DemoTest.framework */; };
		B1D39332211C29DF00EC479B /* AppDelegate.swift in Sources */ = {isa = PBXBuildFile; fileRef = B1D39331211C29DF00EC479B /* AppDelegate.swift */; };
		B1D39334211C29DF00EC479B /* ViewController.swift in Sources */ = {isa = PBXBuildFile; fileRef = B1D39333211C29DF00EC479B /* ViewController.swift */; };
		B1D39337211C29DF00EC479B /* Main.storyboard in Resources */ = {isa = PBXBuildFile; fileRef = B1D39335211C29DF00EC479B /* Main.storyboard */; };
		B1D39339211C29E000EC479B /* Assets.xcassets in Resources */ = {isa = PBXBuildFile; fileRef = B1D39338211C29E000EC479B /* Assets.xcassets */; };
		B1D3933C211C29E000EC479B /* LaunchScreen.storyboard in Resources */ = {isa = PBXBuildFile; fileRef = B1D3933A211C29E000EC479B /* LaunchScreen.storyboard */; };
		B1D39347211C29E000EC479B /* DemoTestTests.swift in Sources */ = {isa = PBXBuildFile; fileRef = B1D39346211C29E000EC479B /* DemoTestTests.swift */; };
		B1D39352211C29E000EC479B /* DemoTestUITests.swift in Sources */ = {isa = PBXBuildFile; fileRef = B1D39351211C29E000EC479B /* DemoTestUITests.swift */; };
		B1D3936B211C2E8200EC479B /* AboutNewsFeedCollectionViewCell.swift in Sources */ = {isa = PBXBuildFile; fileRef = B1D3936A211C2E8200EC479B /* AboutNewsFeedCollectionViewCell.swift */; };
		B1D3936F211C2F5D00EC479B /* AboutNewsFeedViewController.swift in Sources */ = {isa = PBXBuildFile; fileRef = B1D3936E211C2F5D00EC479B /* AboutNewsFeedViewController.swift */; };
		B1D39373211C2FB500EC479B /* NewsFeed.swift in Sources */ = {isa = PBXBuildFile; fileRef = B1D39372211C2FB500EC479B /* NewsFeed.swift */; };
		B1D39379211C302600EC479B /* ServerHandler.swift in Sources */ = {isa = PBXBuildFile; fileRef = B1D39378211C302600EC479B /* ServerHandler.swift */; };
		B1D3937B211C305400EC479B /* APIPaths.swift in Sources */ = {isa = PBXBuildFile; fileRef = B1D3937A211C305400EC479B /* APIPaths.swift */; };
		B1D39383211C309D00EC479B /* ActivityIndicatorView.swift in Sources */ = {isa = PBXBuildFile; fileRef = B1D39382211C309D00EC479B /* ActivityIndicatorView.swift */; };
		B1D39385211C30C100EC479B /* AlertView.swift in Sources */ = {isa = PBXBuildFile; fileRef = B1D39384211C30C100EC479B /* AlertView.swift */; };
		B1D39387211C30EF00EC479B /* Messages.swift in Sources */ = {isa = PBXBuildFile; fileRef = B1D39386211C30EF00EC479B /* Messages.swift */; };
		B1D3938B211C328800EC479B /* AboutNewsFeedViewModel.swift in Sources */ = {isa = PBXBuildFile; fileRef = B1D3938A211C328800EC479B /* AboutNewsFeedViewModel.swift */; };
		B1D3938F211C336300EC479B /* demoCell.swift in Sources */ = {isa = PBXBuildFile; fileRef = B1D3938E211C336300EC479B /* demoCell.swift */; };
		C1437E6F224483D8C2C571C1 /* Pods_DemoTestTests.framework in Frameworks */ = {isa = PBXBuildFile; fileRef = 6AF52FCB95F23A429AC1244C /* Pods_DemoTestTests.framework */; };
		FF7D8464630095E3BA1BFE21 /* Pods_DemoTestUITests.framework in Frameworks */ = {isa = PBXBuildFile; fileRef = 0635ACAAE99663A80A247E34 /* Pods_DemoTestUITests.framework */; };
/* End PBXBuildFile section */

/* Begin PBXContainerItemProxy section */
		B1D39343211C29E000EC479B /* PBXContainerItemProxy */ = {
			isa = PBXContainerItemProxy;
			containerPortal = B1D39326211C29DF00EC479B /* Project object */;
			proxyType = 1;
			remoteGlobalIDString = B1D3932D211C29DF00EC479B;
			remoteInfo = DemoTest;
		};
		B1D3934E211C29E000EC479B /* PBXContainerItemProxy */ = {
			isa = PBXContainerItemProxy;
			containerPortal = B1D39326211C29DF00EC479B /* Project object */;
			proxyType = 1;
			remoteGlobalIDString = B1D3932D211C29DF00EC479B;
			remoteInfo = DemoTest;
		};
/* End PBXContainerItemProxy section */

/* Begin PBXFileReference section */
		0635ACAAE99663A80A247E34 /* Pods_DemoTestUITests.framework */ = {isa = PBXFileReference; explicitFileType = wrapper.framework; includeInIndex = 0; path = Pods_DemoTestUITests.framework; sourceTree = BUILT_PRODUCTS_DIR; };
		18CB4389534EBA27A1EB99F4 /* Pods-DemoTestTests.release.xcconfig */ = {isa = PBXFileReference; includeInIndex = 1; lastKnownFileType = text.xcconfig; name = "Pods-DemoTestTests.release.xcconfig"; path = "Pods/Target Support Files/Pods-DemoTestTests/Pods-DemoTestTests.release.xcconfig"; sourceTree = "<group>"; };
		5C449179E9FE2C12F93B5790 /* Pods-DemoTestUITests.debug.xcconfig */ = {isa = PBXFileReference; includeInIndex = 1; lastKnownFileType = text.xcconfig; name = "Pods-DemoTestUITests.debug.xcconfig"; path = "Pods/Target Support Files/Pods-DemoTestUITests/Pods-DemoTestUITests.debug.xcconfig"; sourceTree = "<group>"; };
		6AF52FCB95F23A429AC1244C /* Pods_DemoTestTests.framework */ = {isa = PBXFileReference; explicitFileType = wrapper.framework; includeInIndex = 0; path = Pods_DemoTestTests.framework; sourceTree = BUILT_PRODUCTS_DIR; };
		7EBE8526CCA566205C684D82 /* Pods-DemoTest.debug.xcconfig */ = {isa = PBXFileReference; includeInIndex = 1; lastKnownFileType = text.xcconfig; name = "Pods-DemoTest.debug.xcconfig"; path = "Pods/Target Support Files/Pods-DemoTest/Pods-DemoTest.debug.xcconfig"; sourceTree = "<group>"; };
		AD864013A4943D32180E14E5 /* Pods_DemoTest.framework */ = {isa = PBXFileReference; explicitFileType = wrapper.framework; includeInIndex = 0; path = Pods_DemoTest.framework; sourceTree = BUILT_PRODUCTS_DIR; };
		B1D3932E211C29DF00EC479B /* DemoTest.app */ = {isa = PBXFileReference; explicitFileType = wrapper.application; includeInIndex = 0; path = DemoTest.app; sourceTree = BUILT_PRODUCTS_DIR; };
		B1D39331211C29DF00EC479B /* AppDelegate.swift */ = {isa = PBXFileReference; lastKnownFileType = sourcecode.swift; path = AppDelegate.swift; sourceTree = "<group>"; };
		B1D39333211C29DF00EC479B /* ViewController.swift */ = {isa = PBXFileReference; lastKnownFileType = sourcecode.swift; path = ViewController.swift; sourceTree = "<group>"; };
		B1D39336211C29DF00EC479B /* Base */ = {isa = PBXFileReference; lastKnownFileType = file.storyboard; name = Base; path = Base.lproj/Main.storyboard; sourceTree = "<group>"; };
		B1D39338211C29E000EC479B /* Assets.xcassets */ = {isa = PBXFileReference; lastKnownFileType = folder.assetcatalog; path = Assets.xcassets; sourceTree = "<group>"; };
		B1D3933B211C29E000EC479B /* Base */ = {isa = PBXFileReference; lastKnownFileType = file.storyboard; name = Base; path = Base.lproj/LaunchScreen.storyboard; sourceTree = "<group>"; };
		B1D3933D211C29E000EC479B /* Info.plist */ = {isa = PBXFileReference; lastKnownFileType = text.plist.xml; path = Info.plist; sourceTree = "<group>"; };
		B1D39342211C29E000EC479B /* DemoTestTests.xctest */ = {isa = PBXFileReference; explicitFileType = wrapper.cfbundle; includeInIndex = 0; path = DemoTestTests.xctest; sourceTree = BUILT_PRODUCTS_DIR; };
		B1D39346211C29E000EC479B /* DemoTestTests.swift */ = {isa = PBXFileReference; lastKnownFileType = sourcecode.swift; path = DemoTestTests.swift; sourceTree = "<group>"; };
		B1D39348211C29E000EC479B /* Info.plist */ = {isa = PBXFileReference; lastKnownFileType = text.plist.xml; path = Info.plist; sourceTree = "<group>"; };
		B1D3934D211C29E000EC479B /* DemoTestUITests.xctest */ = {isa = PBXFileReference; explicitFileType = wrapper.cfbundle; includeInIndex = 0; path = DemoTestUITests.xctest; sourceTree = BUILT_PRODUCTS_DIR; };
		B1D39351211C29E000EC479B /* DemoTestUITests.swift */ = {isa = PBXFileReference; lastKnownFileType = sourcecode.swift; path = DemoTestUITests.swift; sourceTree = "<group>"; };
		B1D39353211C29E000EC479B /* Info.plist */ = {isa = PBXFileReference; lastKnownFileType = text.plist.xml; path = Info.plist; sourceTree = "<group>"; };
		B1D3936A211C2E8200EC479B /* AboutNewsFeedCollectionViewCell.swift */ = {isa = PBXFileReference; lastKnownFileType = sourcecode.swift; path = AboutNewsFeedCollectionViewCell.swift; sourceTree = "<group>"; };
		B1D3936E211C2F5D00EC479B /* AboutNewsFeedViewController.swift */ = {isa = PBXFileReference; lastKnownFileType = sourcecode.swift; path = AboutNewsFeedViewController.swift; sourceTree = "<group>"; };
		B1D39372211C2FB500EC479B /* NewsFeed.swift */ = {isa = PBXFileReference; lastKnownFileType = sourcecode.swift; path = NewsFeed.swift; sourceTree = "<group>"; };
		B1D39378211C302600EC479B /* ServerHandler.swift */ = {isa = PBXFileReference; lastKnownFileType = sourcecode.swift; path = ServerHandler.swift; sourceTree = "<group>"; };
		B1D3937A211C305400EC479B /* APIPaths.swift */ = {isa = PBXFileReference; lastKnownFileType = sourcecode.swift; path = APIPaths.swift; sourceTree = "<group>"; };
		B1D39382211C309D00EC479B /* ActivityIndicatorView.swift */ = {isa = PBXFileReference; lastKnownFileType = sourcecode.swift; path = ActivityIndicatorView.swift; sourceTree = "<group>"; };
		B1D39384211C30C100EC479B /* AlertView.swift */ = {isa = PBXFileReference; lastKnownFileType = sourcecode.swift; path = AlertView.swift; sourceTree = "<group>"; };
		B1D39386211C30EF00EC479B /* Messages.swift */ = {isa = PBXFileReference; lastKnownFileType = sourcecode.swift; path = Messages.swift; sourceTree = "<group>"; };
		B1D3938A211C328800EC479B /* AboutNewsFeedViewModel.swift */ = {isa = PBXFileReference; lastKnownFileType = sourcecode.swift; path = AboutNewsFeedViewModel.swift; sourceTree = "<group>"; };
		B1D3938E211C336300EC479B /* demoCell.swift */ = {isa = PBXFileReference; lastKnownFileType = sourcecode.swift; path = demoCell.swift; sourceTree = "<group>"; };
		B68608DBB7603B616EBE9545 /* Pods-DemoTestUITests.release.xcconfig */ = {isa = PBXFileReference; includeInIndex = 1; lastKnownFileType = text.xcconfig; name = "Pods-DemoTestUITests.release.xcconfig"; path = "Pods/Target Support Files/Pods-DemoTestUITests/Pods-DemoTestUITests.release.xcconfig"; sourceTree = "<group>"; };
		DA86E7060971D94BAB6B8CAB /* Pods-DemoTest.release.xcconfig */ = {isa = PBXFileReference; includeInIndex = 1; lastKnownFileType = text.xcconfig; name = "Pods-DemoTest.release.xcconfig"; path = "Pods/Target Support Files/Pods-DemoTest/Pods-DemoTest.release.xcconfig"; sourceTree = "<group>"; };
		EB9F29EAF22E5C584610E814 /* Pods-DemoTestTests.debug.xcconfig */ = {isa = PBXFileReference; includeInIndex = 1; lastKnownFileType = text.xcconfig; name = "Pods-DemoTestTests.debug.xcconfig"; path = "Pods/Target Support Files/Pods-DemoTestTests/Pods-DemoTestTests.debug.xcconfig"; sourceTree = "<group>"; };
/* End PBXFileReference section */

/* Begin PBXFrameworksBuildPhase section */
		B1D3932B211C29DF00EC479B /* Frameworks */ = {
			isa = PBXFrameworksBuildPhase;
			buildActionMask = 2147483647;
			files = (
				3AE4EB16CB22E854C9250979 /* Pods_DemoTest.framework in Frameworks */,
			);
			runOnlyForDeploymentPostprocessing = 0;
		};
		B1D3933F211C29E000EC479B /* Frameworks */ = {
			isa = PBXFrameworksBuildPhase;
			buildActionMask = 2147483647;
			files = (
				C1437E6F224483D8C2C571C1 /* Pods_DemoTestTests.framework in Frameworks */,
			);
			runOnlyForDeploymentPostprocessing = 0;
		};
		B1D3934A211C29E000EC479B /* Frameworks */ = {
			isa = PBXFrameworksBuildPhase;
			buildActionMask = 2147483647;
			files = (
				FF7D8464630095E3BA1BFE21 /* Pods_DemoTestUITests.framework in Frameworks */,
			);
			runOnlyForDeploymentPostprocessing = 0;
		};
/* End PBXFrameworksBuildPhase section */

/* Begin PBXGroup section */
		95558D24838AE6A8CAEBD7DE /* Frameworks */ = {
			isa = PBXGroup;
			children = (
				AD864013A4943D32180E14E5 /* Pods_DemoTest.framework */,
				6AF52FCB95F23A429AC1244C /* Pods_DemoTestTests.framework */,
				0635ACAAE99663A80A247E34 /* Pods_DemoTestUITests.framework */,
			);
			name = Frameworks;
			sourceTree = "<group>";
		};
		B07D0AF03154C24728C31EFF /* Pods */ = {
			isa = PBXGroup;
			children = (
				7EBE8526CCA566205C684D82 /* Pods-DemoTest.debug.xcconfig */,
				DA86E7060971D94BAB6B8CAB /* Pods-DemoTest.release.xcconfig */,
				EB9F29EAF22E5C584610E814 /* Pods-DemoTestTests.debug.xcconfig */,
				18CB4389534EBA27A1EB99F4 /* Pods-DemoTestTests.release.xcconfig */,
				5C449179E9FE2C12F93B5790 /* Pods-DemoTestUITests.debug.xcconfig */,
				B68608DBB7603B616EBE9545 /* Pods-DemoTestUITests.release.xcconfig */,
			);
			name = Pods;
			sourceTree = "<group>";
		};
		B1D39325211C29DF00EC479B = {
			isa = PBXGroup;
			children = (
				B1D39330211C29DF00EC479B /* DemoTest */,
				B1D39345211C29E000EC479B /* DemoTestTests */,
				B1D39350211C29E000EC479B /* DemoTestUITests */,
				B1D3932F211C29DF00EC479B /* Products */,
				B07D0AF03154C24728C31EFF /* Pods */,
				95558D24838AE6A8CAEBD7DE /* Frameworks */,
			);
			sourceTree = "<group>";
		};
		B1D3932F211C29DF00EC479B /* Products */ = {
			isa = PBXGroup;
			children = (
				B1D3932E211C29DF00EC479B /* DemoTest.app */,
				B1D39342211C29E000EC479B /* DemoTestTests.xctest */,
				B1D3934D211C29E000EC479B /* DemoTestUITests.xctest */,
			);
			name = Products;
			sourceTree = "<group>";
		};
		B1D39330211C29DF00EC479B /* DemoTest */ = {
			isa = PBXGroup;
			children = (
				B1D39368211C2E4100EC479B /* Controllers */,
				B1D39362211C2E4000EC479B /* Models */,
				B1D3935F211C2E4000EC479B /* Services */,
				B1D39366211C2E4100EC479B /* SupportingFiles */,
				B1D39361211C2E4000EC479B /* ViewModels */,
				B1D39363211C2E4000EC479B /* Views */,
				B1D39331211C29DF00EC479B /* AppDelegate.swift */,
				B1D39333211C29DF00EC479B /* ViewController.swift */,
				B1D39335211C29DF00EC479B /* Main.storyboard */,
				B1D39338211C29E000EC479B /* Assets.xcassets */,
				B1D3933A211C29E000EC479B /* LaunchScreen.storyboard */,
				B1D3933D211C29E000EC479B /* Info.plist */,
			);
			path = DemoTest;
			sourceTree = "<group>";
		};
		B1D39345211C29E000EC479B /* DemoTestTests */ = {
			isa = PBXGroup;
			children = (
				B1D39346211C29E000EC479B /* DemoTestTests.swift */,
				B1D39348211C29E000EC479B /* Info.plist */,
			);
			path = DemoTestTests;
			sourceTree = "<group>";
		};
		B1D39350211C29E000EC479B /* DemoTestUITests */ = {
			isa = PBXGroup;
			children = (
				B1D39351211C29E000EC479B /* DemoTestUITests.swift */,
				B1D39353211C29E000EC479B /* Info.plist */,
			);
			path = DemoTestUITests;
			sourceTree = "<group>";
		};
		B1D3935F211C2E4000EC479B /* Services */ = {
			isa = PBXGroup;
			children = (
				B1D39360211C2E4000EC479B /* Base */,
			);
			path = Services;
			sourceTree = "<group>";
		};
		B1D39360211C2E4000EC479B /* Base */ = {
			isa = PBXGroup;
			children = (
				B1D39378211C302600EC479B /* ServerHandler.swift */,
				B1D3937A211C305400EC479B /* APIPaths.swift */,
			);
			path = Base;
			sourceTree = "<group>";
		};
		B1D39361211C2E4000EC479B /* ViewModels */ = {
			isa = PBXGroup;
			children = (
				B1D3938A211C328800EC479B /* AboutNewsFeedViewModel.swift */,
			);
			path = ViewModels;
			sourceTree = "<group>";
		};
		B1D39362211C2E4000EC479B /* Models */ = {
			isa = PBXGroup;
			children = (
				B1D39372211C2FB500EC479B /* NewsFeed.swift */,
			);
			path = Models;
			sourceTree = "<group>";
		};
		B1D39363211C2E4000EC479B /* Views */ = {
			isa = PBXGroup;
			children = (
				B1D39364211C2E4000EC479B /* CollectionView Cell */,
				B1D3938E211C336300EC479B /* demoCell.swift */,
			);
			path = Views;
			sourceTree = "<group>";
		};
		B1D39364211C2E4000EC479B /* CollectionView Cell */ = {
			isa = PBXGroup;
			children = (
				B1D3936A211C2E8200EC479B /* AboutNewsFeedCollectionViewCell.swift */,
			);
			path = "CollectionView Cell";
			sourceTree = "<group>";
		};
		B1D39366211C2E4100EC479B /* SupportingFiles */ = {
			isa = PBXGroup;
			children = (
				B1D39367211C2E4100EC479B /* UtilityFiles */,
			);
			path = SupportingFiles;
			sourceTree = "<group>";
		};
		B1D39367211C2E4100EC479B /* UtilityFiles */ = {
			isa = PBXGroup;
			children = (
				B1D39382211C309D00EC479B /* ActivityIndicatorView.swift */,
				B1D39384211C30C100EC479B /* AlertView.swift */,
				B1D39386211C30EF00EC479B /* Messages.swift */,
			);
			path = UtilityFiles;
			sourceTree = "<group>";
		};
		B1D39368211C2E4100EC479B /* Controllers */ = {
			isa = PBXGroup;
			children = (
				B1D3936E211C2F5D00EC479B /* AboutNewsFeedViewController.swift */,
			);
			path = Controllers;
			sourceTree = "<group>";
		};
/* End PBXGroup section */

/* Begin PBXNativeTarget section */
		B1D3932D211C29DF00EC479B /* DemoTest */ = {
			isa = PBXNativeTarget;
			buildConfigurationList = B1D39356211C29E000EC479B /* Build configuration list for PBXNativeTarget "DemoTest" */;
			buildPhases = (
				D0DA4CE7DF1F4903F3C362B1 /* [CP] Check Pods Manifest.lock */,
				B1D3932A211C29DF00EC479B /* Sources */,
				B1D3932B211C29DF00EC479B /* Frameworks */,
				B1D3932C211C29DF00EC479B /* Resources */,
				A3915699D2EB711AFFD3DAE9 /* [CP] Embed Pods Frameworks */,
			);
			buildRules = (
			);
			dependencies = (
			);
			name = DemoTest;
			productName = DemoTest;
			productReference = B1D3932E211C29DF00EC479B /* DemoTest.app */;
			productType = "com.apple.product-type.application";
		};
		B1D39341211C29E000EC479B /* DemoTestTests */ = {
			isa = PBXNativeTarget;
			buildConfigurationList = B1D39359211C29E000EC479B /* Build configuration list for PBXNativeTarget "DemoTestTests" */;
			buildPhases = (
				2C9E4DA722FAB24DE07D4317 /* [CP] Check Pods Manifest.lock */,
				B1D3933E211C29E000EC479B /* Sources */,
				B1D3933F211C29E000EC479B /* Frameworks */,
				B1D39340211C29E000EC479B /* Resources */,
			);
			buildRules = (
			);
			dependencies = (
				B1D39344211C29E000EC479B /* PBXTargetDependency */,
			);
			name = DemoTestTests;
			productName = DemoTestTests;
			productReference = B1D39342211C29E000EC479B /* DemoTestTests.xctest */;
			productType = "com.apple.product-type.bundle.unit-test";
		};
		B1D3934C211C29E000EC479B /* DemoTestUITests */ = {
			isa = PBXNativeTarget;
			buildConfigurationList = B1D3935C211C29E000EC479B /* Build configuration list for PBXNativeTarget "DemoTestUITests" */;
			buildPhases = (
				F81C51260C491CE41FD74FF9 /* [CP] Check Pods Manifest.lock */,
				B1D39349211C29E000EC479B /* Sources */,
				B1D3934A211C29E000EC479B /* Frameworks */,
				B1D3934B211C29E000EC479B /* Resources */,
			);
			buildRules = (
			);
			dependencies = (
				B1D3934F211C29E000EC479B /* PBXTargetDependency */,
			);
			name = DemoTestUITests;
			productName = DemoTestUITests;
			productReference = B1D3934D211C29E000EC479B /* DemoTestUITests.xctest */;
			productType = "com.apple.product-type.bundle.ui-testing";
		};
/* End PBXNativeTarget section */

/* Begin PBXProject section */
		B1D39326211C29DF00EC479B /* Project object */ = {
			isa = PBXProject;
			attributes = {
				LastSwiftUpdateCheck = 0940;
				LastUpgradeCheck = 0940;
				ORGANIZATIONNAME = "Mohammad Yunus";
				TargetAttributes = {
					B1D3932D211C29DF00EC479B = {
						CreatedOnToolsVersion = 9.4;
					};
					B1D39341211C29E000EC479B = {
						CreatedOnToolsVersion = 9.4;
						TestTargetID = B1D3932D211C29DF00EC479B;
					};
					B1D3934C211C29E000EC479B = {
						CreatedOnToolsVersion = 9.4;
						TestTargetID = B1D3932D211C29DF00EC479B;
					};
				};
			};
			buildConfigurationList = B1D39329211C29DF00EC479B /* Build configuration list for PBXProject "DemoTest" */;
			compatibilityVersion = "Xcode 9.3";
			developmentRegion = en;
			hasScannedForEncodings = 0;
			knownRegions = (
				en,
				Base,
			);
			mainGroup = B1D39325211C29DF00EC479B;
			productRefGroup = B1D3932F211C29DF00EC479B /* Products */;
			projectDirPath = "";
			projectRoot = "";
			targets = (
				B1D3932D211C29DF00EC479B /* DemoTest */,
				B1D39341211C29E000EC479B /* DemoTestTests */,
				B1D3934C211C29E000EC479B /* DemoTestUITests */,
			);
		};
/* End PBXProject section */

/* Begin PBXResourcesBuildPhase section */
		B1D3932C211C29DF00EC479B /* Resources */ = {
			isa = PBXResourcesBuildPhase;
			buildActionMask = 2147483647;
			files = (
				B1D3933C211C29E000EC479B /* LaunchScreen.storyboard in Resources */,
				B1D39339211C29E000EC479B /* Assets.xcassets in Resources */,
				B1D39337211C29DF00EC479B /* Main.storyboard in Resources */,
			);
			runOnlyForDeploymentPostprocessing = 0;
		};
		B1D39340211C29E000EC479B /* Resources */ = {
			isa = PBXResourcesBuildPhase;
			buildActionMask = 2147483647;
			files = (
			);
			runOnlyForDeploymentPostprocessing = 0;
		};
		B1D3934B211C29E000EC479B /* Resources */ = {
			isa = PBXResourcesBuildPhase;
			buildActionMask = 2147483647;
			files = (
			);
			runOnlyForDeploymentPostprocessing = 0;
		};
/* End PBXResourcesBuildPhase section */

/* Begin PBXShellScriptBuildPhase section */
		2C9E4DA722FAB24DE07D4317 /* [CP] Check Pods Manifest.lock */ = {
			isa = PBXShellScriptBuildPhase;
			buildActionMask = 2147483647;
			files = (
			);
			inputPaths = (
				"${PODS_PODFILE_DIR_PATH}/Podfile.lock",
				"${PODS_ROOT}/Manifest.lock",
			);
			name = "[CP] Check Pods Manifest.lock";
			outputPaths = (
				"$(DERIVED_FILE_DIR)/Pods-DemoTestTests-checkManifestLockResult.txt",
			);
			runOnlyForDeploymentPostprocessing = 0;
			shellPath = /bin/sh;
			shellScript = "diff \"${PODS_PODFILE_DIR_PATH}/Podfile.lock\" \"${PODS_ROOT}/Manifest.lock\" > /dev/null\nif [ $? != 0 ] ; then\n    # print error to STDERR\n    echo \"error: The sandbox is not in sync with the Podfile.lock. Run 'pod install' or update your CocoaPods installation.\" >&2\n    exit 1\nfi\n# This output is used by Xcode 'outputs' to avoid re-running this script phase.\necho \"SUCCESS\" > \"${SCRIPT_OUTPUT_FILE_0}\"\n";
			showEnvVarsInLog = 0;
		};
		A3915699D2EB711AFFD3DAE9 /* [CP] Embed Pods Frameworks */ = {
			isa = PBXShellScriptBuildPhase;
			buildActionMask = 2147483647;
			files = (
			);
			inputPaths = (
				"${SRCROOT}/Pods/Target Support Files/Pods-DemoTest/Pods-DemoTest-frameworks.sh",
				"${BUILT_PRODUCTS_DIR}/Alamofire/Alamofire.framework",
				"${BUILT_PRODUCTS_DIR}/RappleProgressHUD/RappleProgressHUD.framework",
				"${BUILT_PRODUCTS_DIR}/SDWebImage/SDWebImage.framework",
			);
			name = "[CP] Embed Pods Frameworks";
			outputPaths = (
				"${TARGET_BUILD_DIR}/${FRAMEWORKS_FOLDER_PATH}/Alamofire.framework",
				"${TARGET_BUILD_DIR}/${FRAMEWORKS_FOLDER_PATH}/RappleProgressHUD.framework",
				"${TARGET_BUILD_DIR}/${FRAMEWORKS_FOLDER_PATH}/SDWebImage.framework",
			);
			runOnlyForDeploymentPostprocessing = 0;
			shellPath = /bin/sh;
			shellScript = "\"${SRCROOT}/Pods/Target Support Files/Pods-DemoTest/Pods-DemoTest-frameworks.sh\"\n";
			showEnvVarsInLog = 0;
		};
		D0DA4CE7DF1F4903F3C362B1 /* [CP] Check Pods Manifest.lock */ = {
			isa = PBXShellScriptBuildPhase;
			buildActionMask = 2147483647;
			files = (
			);
			inputPaths = (
				"${PODS_PODFILE_DIR_PATH}/Podfile.lock",
				"${PODS_ROOT}/Manifest.lock",
			);
			name = "[CP] Check Pods Manifest.lock";
			outputPaths = (
				"$(DERIVED_FILE_DIR)/Pods-DemoTest-checkManifestLockResult.txt",
			);
			runOnlyForDeploymentPostprocessing = 0;
			shellPath = /bin/sh;
			shellScript = "diff \"${PODS_PODFILE_DIR_PATH}/Podfile.lock\" \"${PODS_ROOT}/Manifest.lock\" > /dev/null\nif [ $? != 0 ] ; then\n    # print error to STDERR\n    echo \"error: The sandbox is not in sync with the Podfile.lock. Run 'pod install' or update your CocoaPods installation.\" >&2\n    exit 1\nfi\n# This output is used by Xcode 'outputs' to avoid re-running this script phase.\necho \"SUCCESS\" > \"${SCRIPT_OUTPUT_FILE_0}\"\n";
			showEnvVarsInLog = 0;
		};
		F81C51260C491CE41FD74FF9 /* [CP] Check Pods Manifest.lock */ = {
			isa = PBXShellScriptBuildPhase;
			buildActionMask = 2147483647;
			files = (
			);
			inputPaths = (
				"${PODS_PODFILE_DIR_PATH}/Podfile.lock",
				"${PODS_ROOT}/Manifest.lock",
			);
			name = "[CP] Check Pods Manifest.lock";
			outputPaths = (
				"$(DERIVED_FILE_DIR)/Pods-DemoTestUITests-checkManifestLockResult.txt",
			);
			runOnlyForDeploymentPostprocessing = 0;
			shellPath = /bin/sh;
			shellScript = "diff \"${PODS_PODFILE_DIR_PATH}/Podfile.lock\" \"${PODS_ROOT}/Manifest.lock\" > /dev/null\nif [ $? != 0 ] ; then\n    # print error to STDERR\n    echo \"error: The sandbox is not in sync with the Podfile.lock. Run 'pod install' or update your CocoaPods installation.\" >&2\n    exit 1\nfi\n# This output is used by Xcode 'outputs' to avoid re-running this script phase.\necho \"SUCCESS\" > \"${SCRIPT_OUTPUT_FILE_0}\"\n";
			showEnvVarsInLog = 0;
		};
/* End PBXShellScriptBuildPhase section */

/* Begin PBXSourcesBuildPhase section */
		B1D3932A211C29DF00EC479B /* Sources */ = {
			isa = PBXSourcesBuildPhase;
			buildActionMask = 2147483647;
			files = (
				B1D39373211C2FB500EC479B /* NewsFeed.swift in Sources */,
				B1D3936F211C2F5D00EC479B /* AboutNewsFeedViewController.swift in Sources */,
				B1D3938B211C328800EC479B /* AboutNewsFeedViewModel.swift in Sources */,
				B1D39385211C30C100EC479B /* AlertView.swift in Sources */,
				B1D39334211C29DF00EC479B /* ViewController.swift in Sources */,
				B1D3937B211C305400EC479B /* APIPaths.swift in Sources */,
				B1D39383211C309D00EC479B /* ActivityIndicatorView.swift in Sources */,
				B1D39387211C30EF00EC479B /* Messages.swift in Sources */,
				B1D39379211C302600EC479B /* ServerHandler.swift in Sources */,
				B1D39332211C29DF00EC479B /* AppDelegate.swift in Sources */,
				B1D3938F211C336300EC479B /* demoCell.swift in Sources */,
				B1D3936B211C2E8200EC479B /* AboutNewsFeedCollectionViewCell.swift in Sources */,
			);
			runOnlyForDeploymentPostprocessing = 0;
		};
		B1D3933E211C29E000EC479B /* Sources */ = {
			isa = PBXSourcesBuildPhase;
			buildActionMask = 2147483647;
			files = (
				B1D39347211C29E000EC479B /* DemoTestTests.swift in Sources */,
			);
			runOnlyForDeploymentPostprocessing = 0;
		};
		B1D39349211C29E000EC479B /* Sources */ = {
			isa = PBXSourcesBuildPhase;
			buildActionMask = 2147483647;
			files = (
				B1D39352211C29E000EC479B /* DemoTestUITests.swift in Sources */,
			);
			runOnlyForDeploymentPostprocessing = 0;
		};
/* End PBXSourcesBuildPhase section */

/* Begin PBXTargetDependency section */
		B1D39344211C29E000EC479B /* PBXTargetDependency */ = {
			isa = PBXTargetDependency;
			target = B1D3932D211C29DF00EC479B /* DemoTest */;
			targetProxy = B1D39343211C29E000EC479B /* PBXContainerItemProxy */;
		};
		B1D3934F211C29E000EC479B /* PBXTargetDependency */ = {
			isa = PBXTargetDependency;
			target = B1D3932D211C29DF00EC479B /* DemoTest */;
			targetProxy = B1D3934E211C29E000EC479B /* PBXContainerItemProxy */;
		};
/* End PBXTargetDependency section */

/* Begin PBXVariantGroup section */
		B1D39335211C29DF00EC479B /* Main.storyboard */ = {
			isa = PBXVariantGroup;
			children = (
				B1D39336211C29DF00EC479B /* Base */,
			);
			name = Main.storyboard;
			sourceTree = "<group>";
		};
		B1D3933A211C29E000EC479B /* LaunchScreen.storyboard */ = {
			isa = PBXVariantGroup;
			children = (
				B1D3933B211C29E000EC479B /* Base */,
			);
			name = LaunchScreen.storyboard;
			sourceTree = "<group>";
		};
/* End PBXVariantGroup section */

/* Begin XCBuildConfiguration section */
		B1D39354211C29E000EC479B /* Debug */ = {
			isa = XCBuildConfiguration;
			buildSettings = {
				ALWAYS_SEARCH_USER_PATHS = NO;
				CLANG_ANALYZER_NONNULL = YES;
				CLANG_ANALYZER_NUMBER_OBJECT_CONVERSION = YES_AGGRESSIVE;
				CLANG_CXX_LANGUAGE_STANDARD = "gnu++14";
				CLANG_CXX_LIBRARY = "libc++";
				CLANG_ENABLE_MODULES = YES;
				CLANG_ENABLE_OBJC_ARC = YES;
				CLANG_ENABLE_OBJC_WEAK = YES;
				CLANG_WARN_BLOCK_CAPTURE_AUTORELEASING = YES;
				CLANG_WARN_BOOL_CONVERSION = YES;
				CLANG_WARN_COMMA = YES;
				CLANG_WARN_CONSTANT_CONVERSION = YES;
				CLANG_WARN_DEPRECATED_OBJC_IMPLEMENTATIONS = YES;
				CLANG_WARN_DIRECT_OBJC_ISA_USAGE = YES_ERROR;
				CLANG_WARN_DOCUMENTATION_COMMENTS = YES;
				CLANG_WARN_EMPTY_BODY = YES;
				CLANG_WARN_ENUM_CONVERSION = YES;
				CLANG_WARN_INFINITE_RECURSION = YES;
				CLANG_WARN_INT_CONVERSION = YES;
				CLANG_WARN_NON_LITERAL_NULL_CONVERSION = YES;
				CLANG_WARN_OBJC_IMPLICIT_RETAIN_SELF = YES;
				CLANG_WARN_OBJC_LITERAL_CONVERSION = YES;
				CLANG_WARN_OBJC_ROOT_CLASS = YES_ERROR;
				CLANG_WARN_RANGE_LOOP_ANALYSIS = YES;
				CLANG_WARN_STRICT_PROTOTYPES = YES;
				CLANG_WARN_SUSPICIOUS_MOVE = YES;
				CLANG_WARN_UNGUARDED_AVAILABILITY = YES_AGGRESSIVE;
				CLANG_WARN_UNREACHABLE_CODE = YES;
				CLANG_WARN__DUPLICATE_METHOD_MATCH = YES;
				CODE_SIGN_IDENTITY = "iPhone Developer";
				COPY_PHASE_STRIP = NO;
				DEBUG_INFORMATION_FORMAT = dwarf;
				ENABLE_STRICT_OBJC_MSGSEND = YES;
				ENABLE_TESTABILITY = YES;
				GCC_C_LANGUAGE_STANDARD = gnu11;
				GCC_DYNAMIC_NO_PIC = NO;
				GCC_NO_COMMON_BLOCKS = YES;
				GCC_OPTIMIZATION_LEVEL = 0;
				GCC_PREPROCESSOR_DEFINITIONS = (
					"DEBUG=1",
					"$(inherited)",
				);
				GCC_WARN_64_TO_32_BIT_CONVERSION = YES;
				GCC_WARN_ABOUT_RETURN_TYPE = YES_ERROR;
				GCC_WARN_UNDECLARED_SELECTOR = YES;
				GCC_WARN_UNINITIALIZED_AUTOS = YES_AGGRESSIVE;
				GCC_WARN_UNUSED_FUNCTION = YES;
				GCC_WARN_UNUSED_VARIABLE = YES;
				IPHONEOS_DEPLOYMENT_TARGET = 11.4;
				MTL_ENABLE_DEBUG_INFO = YES;
				ONLY_ACTIVE_ARCH = YES;
				SDKROOT = iphoneos;
				SWIFT_ACTIVE_COMPILATION_CONDITIONS = DEBUG;
				SWIFT_OPTIMIZATION_LEVEL = "-Onone";
			};
			name = Debug;
		};
		B1D39355211C29E000EC479B /* Release */ = {
			isa = XCBuildConfiguration;
			buildSettings = {
				ALWAYS_SEARCH_USER_PATHS = NO;
				CLANG_ANALYZER_NONNULL = YES;
				CLANG_ANALYZER_NUMBER_OBJECT_CONVERSION = YES_AGGRESSIVE;
				CLANG_CXX_LANGUAGE_STANDARD = "gnu++14";
				CLANG_CXX_LIBRARY = "libc++";
				CLANG_ENABLE_MODULES = YES;
				CLANG_ENABLE_OBJC_ARC = YES;
				CLANG_ENABLE_OBJC_WEAK = YES;
				CLANG_WARN_BLOCK_CAPTURE_AUTORELEASING = YES;
				CLANG_WARN_BOOL_CONVERSION = YES;
				CLANG_WARN_COMMA = YES;
				CLANG_WARN_CONSTANT_CONVERSION = YES;
				CLANG_WARN_DEPRECATED_OBJC_IMPLEMENTATIONS = YES;
				CLANG_WARN_DIRECT_OBJC_ISA_USAGE = YES_ERROR;
				CLANG_WARN_DOCUMENTATION_COMMENTS = YES;
				CLANG_WARN_EMPTY_BODY = YES;
				CLANG_WARN_ENUM_CONVERSION = YES;
				CLANG_WARN_INFINITE_RECURSION = YES;
				CLANG_WARN_INT_CONVERSION = YES;
				CLANG_WARN_NON_LITERAL_NULL_CONVERSION = YES;
				CLANG_WARN_OBJC_IMPLICIT_RETAIN_SELF = YES;
				CLANG_WARN_OBJC_LITERAL_CONVERSION = YES;
				CLANG_WARN_OBJC_ROOT_CLASS = YES_ERROR;
				CLANG_WARN_RANGE_LOOP_ANALYSIS = YES;
				CLANG_WARN_STRICT_PROTOTYPES = YES;
				CLANG_WARN_SUSPICIOUS_MOVE = YES;
				CLANG_WARN_UNGUARDED_AVAILABILITY = YES_AGGRESSIVE;
				CLANG_WARN_UNREACHABLE_CODE = YES;
				CLANG_WARN__DUPLICATE_METHOD_MATCH = YES;
				CODE_SIGN_IDENTITY = "iPhone Developer";
				COPY_PHASE_STRIP = NO;
				DEBUG_INFORMATION_FORMAT = "dwarf-with-dsym";
				ENABLE_NS_ASSERTIONS = NO;
				ENABLE_STRICT_OBJC_MSGSEND = YES;
				GCC_C_LANGUAGE_STANDARD = gnu11;
				GCC_NO_COMMON_BLOCKS = YES;
				GCC_WARN_64_TO_32_BIT_CONVERSION = YES;
				GCC_WARN_ABOUT_RETURN_TYPE = YES_ERROR;
				GCC_WARN_UNDECLARED_SELECTOR = YES;
				GCC_WARN_UNINITIALIZED_AUTOS = YES_AGGRESSIVE;
				GCC_WARN_UNUSED_FUNCTION = YES;
				GCC_WARN_UNUSED_VARIABLE = YES;
				IPHONEOS_DEPLOYMENT_TARGET = 11.4;
				MTL_ENABLE_DEBUG_INFO = NO;
				SDKROOT = iphoneos;
				SWIFT_COMPILATION_MODE = wholemodule;
				SWIFT_OPTIMIZATION_LEVEL = "-O";
				VALIDATE_PRODUCT = YES;
			};
			name = Release;
		};
		B1D39357211C29E000EC479B /* Debug */ = {
			isa = XCBuildConfiguration;
			baseConfigurationReference = 7EBE8526CCA566205C684D82 /* Pods-DemoTest.debug.xcconfig */;
			buildSettings = {
				ASSETCATALOG_COMPILER_APPICON_NAME = AppIcon;
				CODE_SIGN_STYLE = Automatic;
				INFOPLIST_FILE = DemoTest/Info.plist;
				LD_RUNPATH_SEARCH_PATHS = (
					"$(inherited)",
					"@executable_path/Frameworks",
				);
				PRODUCT_BUNDLE_IDENTIFIER = test.yunus.DemoTest;
				PRODUCT_NAME = "$(TARGET_NAME)";
				SWIFT_VERSION = 4.0;
				TARGETED_DEVICE_FAMILY = "1,2";
			};
			name = Debug;
		};
		B1D39358211C29E000EC479B /* Release */ = {
			isa = XCBuildConfiguration;
			baseConfigurationReference = DA86E7060971D94BAB6B8CAB /* Pods-DemoTest.release.xcconfig */;
			buildSettings = {
				ASSETCATALOG_COMPILER_APPICON_NAME = AppIcon;
				CODE_SIGN_STYLE = Automatic;
				INFOPLIST_FILE = DemoTest/Info.plist;
				LD_RUNPATH_SEARCH_PATHS = (
					"$(inherited)",
					"@executable_path/Frameworks",
				);
				PRODUCT_BUNDLE_IDENTIFIER = test.yunus.DemoTest;
				PRODUCT_NAME = "$(TARGET_NAME)";
				SWIFT_VERSION = 4.0;
				TARGETED_DEVICE_FAMILY = "1,2";
			};
			name = Release;
		};
		B1D3935A211C29E000EC479B /* Debug */ = {
			isa = XCBuildConfiguration;
			baseConfigurationReference = EB9F29EAF22E5C584610E814 /* Pods-DemoTestTests.debug.xcconfig */;
			buildSettings = {
				ALWAYS_EMBED_SWIFT_STANDARD_LIBRARIES = YES;
				BUNDLE_LOADER = "$(TEST_HOST)";
				CODE_SIGN_STYLE = Automatic;
				INFOPLIST_FILE = DemoTestTests/Info.plist;
				LD_RUNPATH_SEARCH_PATHS = (
					"$(inherited)",
					"@executable_path/Frameworks",
					"@loader_path/Frameworks",
				);
				PRODUCT_BUNDLE_IDENTIFIER = test.yunus.DemoTestTests;
				PRODUCT_NAME = "$(TARGET_NAME)";
				SWIFT_VERSION = 4.0;
				TARGETED_DEVICE_FAMILY = "1,2";
				TEST_HOST = "$(BUILT_PRODUCTS_DIR)/DemoTest.app/DemoTest";
			};
			name = Debug;
		};
		B1D3935B211C29E000EC479B /* Release */ = {
			isa = XCBuildConfiguration;
			baseConfigurationReference = 18CB4389534EBA27A1EB99F4 /* Pods-DemoTestTests.release.xcconfig */;
			buildSettings = {
				ALWAYS_EMBED_SWIFT_STANDARD_LIBRARIES = YES;
				BUNDLE_LOADER = "$(TEST_HOST)";
				CODE_SIGN_STYLE = Automatic;
				INFOPLIST_FILE = DemoTestTests/Info.plist;
				LD_RUNPATH_SEARCH_PATHS = (
					"$(inherited)",
					"@executable_path/Frameworks",
					"@loader_path/Frameworks",
				);
				PRODUCT_BUNDLE_IDENTIFIER = test.yunus.DemoTestTests;
				PRODUCT_NAME = "$(TARGET_NAME)";
				SWIFT_VERSION = 4.0;
				TARGETED_DEVICE_FAMILY = "1,2";
				TEST_HOST = "$(BUILT_PRODUCTS_DIR)/DemoTest.app/DemoTest";
			};
			name = Release;
		};
		B1D3935D211C29E000EC479B /* Debug */ = {
			isa = XCBuildConfiguration;
			baseConfigurationReference = 5C449179E9FE2C12F93B5790 /* Pods-DemoTestUITests.debug.xcconfig */;
			buildSettings = {
				ALWAYS_EMBED_SWIFT_STANDARD_LIBRARIES = YES;
				CODE_SIGN_STYLE = Automatic;
				INFOPLIST_FILE = DemoTestUITests/Info.plist;
				LD_RUNPATH_SEARCH_PATHS = (
					"$(inherited)",
					"@executable_path/Frameworks",
					"@loader_path/Frameworks",
				);
				PRODUCT_BUNDLE_IDENTIFIER = test.yunus.DemoTestUITests;
				PRODUCT_NAME = "$(TARGET_NAME)";
				SWIFT_VERSION = 4.0;
				TARGETED_DEVICE_FAMILY = "1,2";
				TEST_TARGET_NAME = DemoTest;
			};
			name = Debug;
		};
		B1D3935E211C29E000EC479B /* Release */ = {
			isa = XCBuildConfiguration;
			baseConfigurationReference = B68608DBB7603B616EBE9545 /* Pods-DemoTestUITests.release.xcconfig */;
			buildSettings = {
				ALWAYS_EMBED_SWIFT_STANDARD_LIBRARIES = YES;
				CODE_SIGN_STYLE = Automatic;
				INFOPLIST_FILE = DemoTestUITests/Info.plist;
				LD_RUNPATH_SEARCH_PATHS = (
					"$(inherited)",
					"@executable_path/Frameworks",
					"@loader_path/Frameworks",
				);
				PRODUCT_BUNDLE_IDENTIFIER = test.yunus.DemoTestUITests;
				PRODUCT_NAME = "$(TARGET_NAME)";
				SWIFT_VERSION = 4.0;
				TARGETED_DEVICE_FAMILY = "1,2";
				TEST_TARGET_NAME = DemoTest;
			};
			name = Release;
		};
/* End XCBuildConfiguration section */

/* Begin XCConfigurationList section */
		B1D39329211C29DF00EC479B /* Build configuration list for PBXProject "DemoTest" */ = {
			isa = XCConfigurationList;
			buildConfigurations = (
				B1D39354211C29E000EC479B /* Debug */,
				B1D39355211C29E000EC479B /* Release */,
			);
			defaultConfigurationIsVisible = 0;
			defaultConfigurationName = Release;
		};
		B1D39356211C29E000EC479B /* Build configuration list for PBXNativeTarget "DemoTest" */ = {
			isa = XCConfigurationList;
			buildConfigurations = (
				B1D39357211C29E000EC479B /* Debug */,
				B1D39358211C29E000EC479B /* Release */,
			);
			defaultConfigurationIsVisible = 0;
			defaultConfigurationName = Release;
		};
		B1D39359211C29E000EC479B /* Build configuration list for PBXNativeTarget "DemoTestTests" */ = {
			isa = XCConfigurationList;
			buildConfigurations = (
				B1D3935A211C29E000EC479B /* Debug */,
				B1D3935B211C29E000EC479B /* Release */,
			);
			defaultConfigurationIsVisible = 0;
			defaultConfigurationName = Release;
		};
		B1D3935C211C29E000EC479B /* Build configuration list for PBXNativeTarget "DemoTestUITests" */ = {
			isa = XCConfigurationList;
			buildConfigurations = (
				B1D3935D211C29E000EC479B /* Debug */,
				B1D3935E211C29E000EC479B /* Release */,
			);
			defaultConfigurationIsVisible = 0;
			defaultConfigurationName = Release;
		};
/* End XCConfigurationList section */
	};
	rootObject = B1D39326211C29DF00EC479B /* Project object */;
}
